// !$*UTF8*$!
{
	archiveVersion = 1;
	classes = {
	};
	objectVersion = 56;
	objects = {

/* Begin PBXBuildFile section */
		2F0137482D6D55C000741584 /* SudoDIRelay in Frameworks */ = {isa = PBXBuildFile; productRef = 2F0137472D6D55C000741584 /* SudoDIRelay */; };
		2F0467DD2BFD7B930076B889 /* DifProofExchangeView.swift in Sources */ = {isa = PBXBuildFile; fileRef = 2F0467DC2BFD7B930076B889 /* DifProofExchangeView.swift */; };
		2F0467DF2BFD7BEA0076B889 /* DifProofExchangeViewModel.swift in Sources */ = {isa = PBXBuildFile; fileRef = 2F0467DE2BFD7BEA0076B889 /* DifProofExchangeViewModel.swift */; };
		2F0467E12BFD82600076B889 /* SelectCredentialForDifItem.swift in Sources */ = {isa = PBXBuildFile; fileRef = 2F0467E02BFD82600076B889 /* SelectCredentialForDifItem.swift */; };
		2F54B6D82BFC36D70096E1A4 /* SudoDIRelayMessageSource.swift in Sources */ = {isa = PBXBuildFile; fileRef = 2F54B6D72BFC36D70096E1A4 /* SudoDIRelayMessageSource.swift */; };
		2F54B6DB2BFC5F480096E1A4 /* AnoncredCredentialInfoColumn.swift in Sources */ = {isa = PBXBuildFile; fileRef = 2F54B6DA2BFC5F480096E1A4 /* AnoncredCredentialInfoColumn.swift */; };
		2F54B6DD2BFC60910096E1A4 /* W3cCredentialInfoColumn.swift in Sources */ = {isa = PBXBuildFile; fileRef = 2F54B6DC2BFC60910096E1A4 /* W3cCredentialInfoColumn.swift */; };
		2F556A0E2D15277D00815799 /* UICredential.swift in Sources */ = {isa = PBXBuildFile; fileRef = 2F556A0D2D15277D00815799 /* UICredential.swift */; };
		2F556A102D15303000815799 /* UICredentialExchange.swift in Sources */ = {isa = PBXBuildFile; fileRef = 2F556A0F2D15303000815799 /* UICredentialExchange.swift */; };
		2F7AFD562CDDE3ED00BBD364 /* SdJwtCredentialInfoColumn.swift in Sources */ = {isa = PBXBuildFile; fileRef = 2F7AFD552CDDE3ED00BBD364 /* SdJwtCredentialInfoColumn.swift */; };
		2F8F162D2BFDB8DD00BE1D22 /* ConnectionInvitationCreateView.swift in Sources */ = {isa = PBXBuildFile; fileRef = 2F8F162C2BFDB8DD00BE1D22 /* ConnectionInvitationCreateView.swift */; };
		2F8F162F2BFDB97F00BE1D22 /* ConnectionInvitationCreateViewModel.swift in Sources */ = {isa = PBXBuildFile; fileRef = 2F8F162E2BFDB97F00BE1D22 /* ConnectionInvitationCreateViewModel.swift */; };
		2FA818682D5D81F2005C4F8B /* SudoProfiles in Frameworks */ = {isa = PBXBuildFile; productRef = 2FA818672D5D81F2005C4F8B /* SudoProfiles */; };
		2FA8186B2D5D8283005C4F8B /* SudoEntitlements in Frameworks */ = {isa = PBXBuildFile; productRef = 2FA8186A2D5D8283005C4F8B /* SudoEntitlements */; };
		2FCC4C562BFEF2DB00D9EBA3 /* ConnectionChatView.swift in Sources */ = {isa = PBXBuildFile; fileRef = 2FCC4C552BFEF2DB00D9EBA3 /* ConnectionChatView.swift */; };
		2FCC4C582BFEF34000D9EBA3 /* ConnectionChatViewModel.swift in Sources */ = {isa = PBXBuildFile; fileRef = 2FCC4C572BFEF34000D9EBA3 /* ConnectionChatViewModel.swift */; };
		2FD2935D2D62AA3D00A0AB06 /* DidListView.swift in Sources */ = {isa = PBXBuildFile; fileRef = 2FD2935C2D62AA3D00A0AB06 /* DidListView.swift */; };
		2FD2935F2D62AA8800A0AB06 /* DidListViewModel.swift in Sources */ = {isa = PBXBuildFile; fileRef = 2FD2935E2D62AA8800A0AB06 /* DidListViewModel.swift */; };
		2FD293622D630A8E00A0AB06 /* SudoDIEdgeAgent in Frameworks */ = {isa = PBXBuildFile; productRef = 2FD293612D630A8E00A0AB06 /* SudoDIEdgeAgent */; };
		CE09F7342AF2E4FD006A7EF6 /* CredentialExchangeViewModel.swift in Sources */ = {isa = PBXBuildFile; fileRef = CE09F7332AF2E4FD006A7EF6 /* CredentialExchangeViewModel.swift */; };
		CE09F7362AF3EACD006A7EF6 /* CredentialListView.swift in Sources */ = {isa = PBXBuildFile; fileRef = CE09F7352AF3EACD006A7EF6 /* CredentialListView.swift */; };
		CE09F7382AF3EADA006A7EF6 /* CredentialView.swift in Sources */ = {isa = PBXBuildFile; fileRef = CE09F7372AF3EADA006A7EF6 /* CredentialView.swift */; };
		CE09F73A2AF3EAF7006A7EF6 /* CredentialListViewModel.swift in Sources */ = {isa = PBXBuildFile; fileRef = CE09F7392AF3EAF7006A7EF6 /* CredentialListViewModel.swift */; };
		CE09F73C2AF3F527006A7EF6 /* ProofExchangeListViewModel.swift in Sources */ = {isa = PBXBuildFile; fileRef = CE09F73B2AF3F527006A7EF6 /* ProofExchangeListViewModel.swift */; };
		CE09F73E2AF3F543006A7EF6 /* ProofExchangeListView.swift in Sources */ = {isa = PBXBuildFile; fileRef = CE09F73D2AF3F543006A7EF6 /* ProofExchangeListView.swift */; };
		CE09F7402AF3FBB8006A7EF6 /* AnoncredProofExchangeView.swift in Sources */ = {isa = PBXBuildFile; fileRef = CE09F73F2AF3FBB8006A7EF6 /* AnoncredProofExchangeView.swift */; };
		CE09F7442AF427C6006A7EF6 /* AnoncredProofExchangeViewModel.swift in Sources */ = {isa = PBXBuildFile; fileRef = CE09F7432AF427C6006A7EF6 /* AnoncredProofExchangeViewModel.swift */; };
		CE09F7462AF59B80006A7EF6 /* SelectCredentialForAnoncredItem.swift in Sources */ = {isa = PBXBuildFile; fileRef = CE09F7452AF59B80006A7EF6 /* SelectCredentialForAnoncredItem.swift */; };
		CE12466A2AE2F9440042EC91 /* HomeViewModel.swift in Sources */ = {isa = PBXBuildFile; fileRef = CE1246692AE2F9440042EC91 /* HomeViewModel.swift */; };
		CE1246722AE7149D0042EC91 /* ConnectionExchangeView.swift in Sources */ = {isa = PBXBuildFile; fileRef = CE1246712AE7149D0042EC91 /* ConnectionExchangeView.swift */; };
		CE1246742AE716A10042EC91 /* ConnectionExchangeViewModel.swift in Sources */ = {isa = PBXBuildFile; fileRef = CE1246732AE716A10042EC91 /* ConnectionExchangeViewModel.swift */; };
		CE1246772AE860E00042EC91 /* CodeScanner in Frameworks */ = {isa = PBXBuildFile; productRef = CE1246762AE860E00042EC91 /* CodeScanner */; };
		CE6B835D2AE9735E002D5B7F /* SudoManager.swift in Sources */ = {isa = PBXBuildFile; fileRef = CE6B835C2AE9735E002D5B7F /* SudoManager.swift */; };
		CE6B835F2AE9A12E002D5B7F /* RelayManager.swift in Sources */ = {isa = PBXBuildFile; fileRef = CE6B835E2AE9A12E002D5B7F /* RelayManager.swift */; };
		CE6B83B12AF18DE6002D5B7F /* ConnectionViewModel.swift in Sources */ = {isa = PBXBuildFile; fileRef = CE6B83B02AF18DE6002D5B7F /* ConnectionViewModel.swift */; };
		CE6B83B32AF18E2F002D5B7F /* ConnectionView.swift in Sources */ = {isa = PBXBuildFile; fileRef = CE6B83B22AF18E2F002D5B7F /* ConnectionView.swift */; };
		CE6B83B52AF2B2DC002D5B7F /* CredentialExchangeListView.swift in Sources */ = {isa = PBXBuildFile; fileRef = CE6B83B42AF2B2DC002D5B7F /* CredentialExchangeListView.swift */; };
		CE6B83B72AF2B374002D5B7F /* CredentialExchangeListViewModel.swift in Sources */ = {isa = PBXBuildFile; fileRef = CE6B83B62AF2B374002D5B7F /* CredentialExchangeListViewModel.swift */; };
		CE6B83B92AF2B3FF002D5B7F /* CredentialExchangeView.swift in Sources */ = {isa = PBXBuildFile; fileRef = CE6B83B82AF2B3FF002D5B7F /* CredentialExchangeView.swift */; };
		CEC416642AD88A90001A3CFD /* SudoDIEdgeAgentExampleApp.swift in Sources */ = {isa = PBXBuildFile; fileRef = CEC416632AD88A90001A3CFD /* SudoDIEdgeAgentExampleApp.swift */; };
		CEC416682AD88A90001A3CFD /* Assets.xcassets in Resources */ = {isa = PBXBuildFile; fileRef = CEC416672AD88A90001A3CFD /* Assets.xcassets */; };
		CEC4166B2AD88A90001A3CFD /* Preview Assets.xcassets in Resources */ = {isa = PBXBuildFile; fileRef = CEC4166A2AD88A90001A3CFD /* Preview Assets.xcassets */; };
		CEC4167A2ADEF418001A3CFD /* Clients.swift in Sources */ = {isa = PBXBuildFile; fileRef = CEC416792ADEF418001A3CFD /* Clients.swift */; };
		CEC4167C2ADF0171001A3CFD /* RegisterView.swift in Sources */ = {isa = PBXBuildFile; fileRef = CEC4167B2ADF0171001A3CFD /* RegisterView.swift */; };
		CEC4167E2ADF21E1001A3CFD /* HomeView.swift in Sources */ = {isa = PBXBuildFile; fileRef = CEC4167D2ADF21E1001A3CFD /* HomeView.swift */; };
		CEC416802ADF2313001A3CFD /* RegisterViewModel.swift in Sources */ = {isa = PBXBuildFile; fileRef = CEC4167F2ADF2313001A3CFD /* RegisterViewModel.swift */; };
		CEC416822ADF27AA001A3CFD /* Authenticator.swift in Sources */ = {isa = PBXBuildFile; fileRef = CEC416812ADF27AA001A3CFD /* Authenticator.swift */; };
		CEC416872AE07695001A3CFD /* HelperUtils.swift in Sources */ = {isa = PBXBuildFile; fileRef = CEC416862AE07695001A3CFD /* HelperUtils.swift */; };
		CEC4168B2AE1BFCB001A3CFD /* genesis_ledger.json in Resources */ = {isa = PBXBuildFile; fileRef = CEC4168A2AE1BFCB001A3CFD /* genesis_ledger.json */; };
/* End PBXBuildFile section */

/* Begin PBXFileReference section */
		2F0467DC2BFD7B930076B889 /* DifProofExchangeView.swift */ = {isa = PBXFileReference; lastKnownFileType = sourcecode.swift; path = DifProofExchangeView.swift; sourceTree = "<group>"; };
		2F0467DE2BFD7BEA0076B889 /* DifProofExchangeViewModel.swift */ = {isa = PBXFileReference; lastKnownFileType = sourcecode.swift; path = DifProofExchangeViewModel.swift; sourceTree = "<group>"; };
		2F0467E02BFD82600076B889 /* SelectCredentialForDifItem.swift */ = {isa = PBXFileReference; lastKnownFileType = sourcecode.swift; path = SelectCredentialForDifItem.swift; sourceTree = "<group>"; };
		2F54B6D72BFC36D70096E1A4 /* SudoDIRelayMessageSource.swift */ = {isa = PBXFileReference; lastKnownFileType = sourcecode.swift; path = SudoDIRelayMessageSource.swift; sourceTree = "<group>"; };
		2F54B6DA2BFC5F480096E1A4 /* AnoncredCredentialInfoColumn.swift */ = {isa = PBXFileReference; lastKnownFileType = sourcecode.swift; path = AnoncredCredentialInfoColumn.swift; sourceTree = "<group>"; };
		2F54B6DC2BFC60910096E1A4 /* W3cCredentialInfoColumn.swift */ = {isa = PBXFileReference; lastKnownFileType = sourcecode.swift; path = W3cCredentialInfoColumn.swift; sourceTree = "<group>"; };
		2F556A0D2D15277D00815799 /* UICredential.swift */ = {isa = PBXFileReference; lastKnownFileType = sourcecode.swift; path = UICredential.swift; sourceTree = "<group>"; };
		2F556A0F2D15303000815799 /* UICredentialExchange.swift */ = {isa = PBXFileReference; lastKnownFileType = sourcecode.swift; path = UICredentialExchange.swift; sourceTree = "<group>"; };
		2F7AFD542CDD9ABF00BBD364 /* Info.plist */ = {isa = PBXFileReference; lastKnownFileType = text.plist; path = Info.plist; sourceTree = "<group>"; };
		2F7AFD552CDDE3ED00BBD364 /* SdJwtCredentialInfoColumn.swift */ = {isa = PBXFileReference; lastKnownFileType = sourcecode.swift; path = SdJwtCredentialInfoColumn.swift; sourceTree = "<group>"; };
		2F8F162C2BFDB8DD00BE1D22 /* ConnectionInvitationCreateView.swift */ = {isa = PBXFileReference; lastKnownFileType = sourcecode.swift; path = ConnectionInvitationCreateView.swift; sourceTree = "<group>"; };
		2F8F162E2BFDB97F00BE1D22 /* ConnectionInvitationCreateViewModel.swift */ = {isa = PBXFileReference; lastKnownFileType = sourcecode.swift; path = ConnectionInvitationCreateViewModel.swift; sourceTree = "<group>"; };
		2FCC4C552BFEF2DB00D9EBA3 /* ConnectionChatView.swift */ = {isa = PBXFileReference; lastKnownFileType = sourcecode.swift; path = ConnectionChatView.swift; sourceTree = "<group>"; };
		2FCC4C572BFEF34000D9EBA3 /* ConnectionChatViewModel.swift */ = {isa = PBXFileReference; lastKnownFileType = sourcecode.swift; path = ConnectionChatViewModel.swift; sourceTree = "<group>"; };
		2FD2935C2D62AA3D00A0AB06 /* DidListView.swift */ = {isa = PBXFileReference; lastKnownFileType = sourcecode.swift; path = DidListView.swift; sourceTree = "<group>"; };
		2FD2935E2D62AA8800A0AB06 /* DidListViewModel.swift */ = {isa = PBXFileReference; lastKnownFileType = sourcecode.swift; path = DidListViewModel.swift; sourceTree = "<group>"; };
		CE09F7332AF2E4FD006A7EF6 /* CredentialExchangeViewModel.swift */ = {isa = PBXFileReference; lastKnownFileType = sourcecode.swift; path = CredentialExchangeViewModel.swift; sourceTree = "<group>"; };
		CE09F7352AF3EACD006A7EF6 /* CredentialListView.swift */ = {isa = PBXFileReference; lastKnownFileType = sourcecode.swift; path = CredentialListView.swift; sourceTree = "<group>"; };
		CE09F7372AF3EADA006A7EF6 /* CredentialView.swift */ = {isa = PBXFileReference; lastKnownFileType = sourcecode.swift; path = CredentialView.swift; sourceTree = "<group>"; };
		CE09F7392AF3EAF7006A7EF6 /* CredentialListViewModel.swift */ = {isa = PBXFileReference; lastKnownFileType = sourcecode.swift; path = CredentialListViewModel.swift; sourceTree = "<group>"; };
		CE09F73B2AF3F527006A7EF6 /* ProofExchangeListViewModel.swift */ = {isa = PBXFileReference; lastKnownFileType = sourcecode.swift; path = ProofExchangeListViewModel.swift; sourceTree = "<group>"; };
		CE09F73D2AF3F543006A7EF6 /* ProofExchangeListView.swift */ = {isa = PBXFileReference; lastKnownFileType = sourcecode.swift; path = ProofExchangeListView.swift; sourceTree = "<group>"; };
		CE09F73F2AF3FBB8006A7EF6 /* AnoncredProofExchangeView.swift */ = {isa = PBXFileReference; lastKnownFileType = sourcecode.swift; path = AnoncredProofExchangeView.swift; sourceTree = "<group>"; };
		CE09F7432AF427C6006A7EF6 /* AnoncredProofExchangeViewModel.swift */ = {isa = PBXFileReference; lastKnownFileType = sourcecode.swift; path = AnoncredProofExchangeViewModel.swift; sourceTree = "<group>"; };
		CE09F7452AF59B80006A7EF6 /* SelectCredentialForAnoncredItem.swift */ = {isa = PBXFileReference; lastKnownFileType = sourcecode.swift; path = SelectCredentialForAnoncredItem.swift; sourceTree = "<group>"; };
		CE1246692AE2F9440042EC91 /* HomeViewModel.swift */ = {isa = PBXFileReference; lastKnownFileType = sourcecode.swift; path = HomeViewModel.swift; sourceTree = "<group>"; };
		CE1246712AE7149D0042EC91 /* ConnectionExchangeView.swift */ = {isa = PBXFileReference; lastKnownFileType = sourcecode.swift; path = ConnectionExchangeView.swift; sourceTree = "<group>"; };
		CE1246732AE716A10042EC91 /* ConnectionExchangeViewModel.swift */ = {isa = PBXFileReference; lastKnownFileType = sourcecode.swift; path = ConnectionExchangeViewModel.swift; sourceTree = "<group>"; };
		CE6B835C2AE9735E002D5B7F /* SudoManager.swift */ = {isa = PBXFileReference; lastKnownFileType = sourcecode.swift; path = SudoManager.swift; sourceTree = "<group>"; };
		CE6B835E2AE9A12E002D5B7F /* RelayManager.swift */ = {isa = PBXFileReference; lastKnownFileType = sourcecode.swift; path = RelayManager.swift; sourceTree = "<group>"; };
		CE6B83B02AF18DE6002D5B7F /* ConnectionViewModel.swift */ = {isa = PBXFileReference; lastKnownFileType = sourcecode.swift; path = ConnectionViewModel.swift; sourceTree = "<group>"; };
		CE6B83B22AF18E2F002D5B7F /* ConnectionView.swift */ = {isa = PBXFileReference; lastKnownFileType = sourcecode.swift; path = ConnectionView.swift; sourceTree = "<group>"; };
		CE6B83B42AF2B2DC002D5B7F /* CredentialExchangeListView.swift */ = {isa = PBXFileReference; lastKnownFileType = sourcecode.swift; path = CredentialExchangeListView.swift; sourceTree = "<group>"; };
		CE6B83B62AF2B374002D5B7F /* CredentialExchangeListViewModel.swift */ = {isa = PBXFileReference; lastKnownFileType = sourcecode.swift; path = CredentialExchangeListViewModel.swift; sourceTree = "<group>"; };
		CE6B83B82AF2B3FF002D5B7F /* CredentialExchangeView.swift */ = {isa = PBXFileReference; lastKnownFileType = sourcecode.swift; path = CredentialExchangeView.swift; sourceTree = "<group>"; };
		CEC416602AD88A90001A3CFD /* SudoDIEdgeAgentExample.app */ = {isa = PBXFileReference; explicitFileType = wrapper.application; includeInIndex = 0; path = SudoDIEdgeAgentExample.app; sourceTree = BUILT_PRODUCTS_DIR; };
		CEC416632AD88A90001A3CFD /* SudoDIEdgeAgentExampleApp.swift */ = {isa = PBXFileReference; lastKnownFileType = sourcecode.swift; path = SudoDIEdgeAgentExampleApp.swift; sourceTree = "<group>"; };
		CEC416672AD88A90001A3CFD /* Assets.xcassets */ = {isa = PBXFileReference; lastKnownFileType = folder.assetcatalog; path = Assets.xcassets; sourceTree = "<group>"; };
		CEC4166A2AD88A90001A3CFD /* Preview Assets.xcassets */ = {isa = PBXFileReference; lastKnownFileType = folder.assetcatalog; path = "Preview Assets.xcassets"; sourceTree = "<group>"; };
		CEC416792ADEF418001A3CFD /* Clients.swift */ = {isa = PBXFileReference; lastKnownFileType = sourcecode.swift; path = Clients.swift; sourceTree = "<group>"; };
		CEC4167B2ADF0171001A3CFD /* RegisterView.swift */ = {isa = PBXFileReference; lastKnownFileType = sourcecode.swift; path = RegisterView.swift; sourceTree = "<group>"; };
		CEC4167D2ADF21E1001A3CFD /* HomeView.swift */ = {isa = PBXFileReference; lastKnownFileType = sourcecode.swift; path = HomeView.swift; sourceTree = "<group>"; };
		CEC4167F2ADF2313001A3CFD /* RegisterViewModel.swift */ = {isa = PBXFileReference; lastKnownFileType = sourcecode.swift; path = RegisterViewModel.swift; sourceTree = "<group>"; };
		CEC416812ADF27AA001A3CFD /* Authenticator.swift */ = {isa = PBXFileReference; lastKnownFileType = sourcecode.swift; path = Authenticator.swift; sourceTree = "<group>"; };
		CEC416862AE07695001A3CFD /* HelperUtils.swift */ = {isa = PBXFileReference; lastKnownFileType = sourcecode.swift; path = HelperUtils.swift; sourceTree = "<group>"; };
		CEC4168A2AE1BFCB001A3CFD /* genesis_ledger.json */ = {isa = PBXFileReference; fileEncoding = 4; lastKnownFileType = text.json; path = genesis_ledger.json; sourceTree = "<group>"; };
/* End PBXFileReference section */

/* Begin PBXFrameworksBuildPhase section */
		CEC4165D2AD88A90001A3CFD /* Frameworks */ = {
			isa = PBXFrameworksBuildPhase;
			buildActionMask = 2147483647;
			files = (
				CE1246772AE860E00042EC91 /* CodeScanner in Frameworks */,
				2FA818682D5D81F2005C4F8B /* SudoProfiles in Frameworks */,
				2FD293622D630A8E00A0AB06 /* SudoDIEdgeAgent in Frameworks */,
				2F0137482D6D55C000741584 /* SudoDIRelay in Frameworks */,
				2FA8186B2D5D8283005C4F8B /* SudoEntitlements in Frameworks */,
			);
			runOnlyForDeploymentPostprocessing = 0;
		};
/* End PBXFrameworksBuildPhase section */

/* Begin PBXGroup section */
		2F54B6D62BFC36C70096E1A4 /* Relay */ = {
			isa = PBXGroup;
			children = (
				2F54B6D72BFC36D70096E1A4 /* SudoDIRelayMessageSource.swift */,
			);
			path = Relay;
			sourceTree = "<group>";
		};
		2F54B6D92BFC5F380096E1A4 /* Components */ = {
			isa = PBXGroup;
			children = (
				2F54B6DA2BFC5F480096E1A4 /* AnoncredCredentialInfoColumn.swift */,
				2F54B6DC2BFC60910096E1A4 /* W3cCredentialInfoColumn.swift */,
				2F7AFD552CDDE3ED00BBD364 /* SdJwtCredentialInfoColumn.swift */,
			);
			path = Components;
			sourceTree = "<group>";
		};
		2F556A0C2D15276C00815799 /* Common */ = {
			isa = PBXGroup;
			children = (
				2F556A0D2D15277D00815799 /* UICredential.swift */,
				2F556A0F2D15303000815799 /* UICredentialExchange.swift */,
			);
			path = Common;
			sourceTree = "<group>";
		};
		CEC416572AD88A8F001A3CFD = {
			isa = PBXGroup;
			children = (
				CEC416622AD88A90001A3CFD /* SudoDIEdgeAgentExample */,
				CEC416612AD88A90001A3CFD /* Products */,
			);
			sourceTree = "<group>";
		};
		CEC416612AD88A90001A3CFD /* Products */ = {
			isa = PBXGroup;
			children = (
				CEC416602AD88A90001A3CFD /* SudoDIEdgeAgentExample.app */,
			);
			name = Products;
			sourceTree = "<group>";
		};
		CEC416622AD88A90001A3CFD /* SudoDIEdgeAgentExample */ = {
			isa = PBXGroup;
			children = (
				2F7AFD542CDD9ABF00BBD364 /* Info.plist */,
				2F54B6D62BFC36C70096E1A4 /* Relay */,
				CEC416892AE1BFB3001A3CFD /* Resources */,
				CEC416782ADEF395001A3CFD /* ViewModels */,
				CEC416772ADEF38A001A3CFD /* Views */,
				CEC416632AD88A90001A3CFD /* SudoDIEdgeAgentExampleApp.swift */,
				CEC416672AD88A90001A3CFD /* Assets.xcassets */,
				CEC416692AD88A90001A3CFD /* Preview Content */,
				CEC416792ADEF418001A3CFD /* Clients.swift */,
				CEC416812ADF27AA001A3CFD /* Authenticator.swift */,
				CEC416862AE07695001A3CFD /* HelperUtils.swift */,
				CE6B835C2AE9735E002D5B7F /* SudoManager.swift */,
				CE6B835E2AE9A12E002D5B7F /* RelayManager.swift */,
			);
			path = SudoDIEdgeAgentExample;
			sourceTree = "<group>";
		};
		CEC416692AD88A90001A3CFD /* Preview Content */ = {
			isa = PBXGroup;
			children = (
				CEC4166A2AD88A90001A3CFD /* Preview Assets.xcassets */,
			);
			path = "Preview Content";
			sourceTree = "<group>";
		};
		CEC416772ADEF38A001A3CFD /* Views */ = {
			isa = PBXGroup;
			children = (
				2F54B6D92BFC5F380096E1A4 /* Components */,
				CEC4167B2ADF0171001A3CFD /* RegisterView.swift */,
				CEC4167D2ADF21E1001A3CFD /* HomeView.swift */,
				CE1246712AE7149D0042EC91 /* ConnectionExchangeView.swift */,
				CE6B83B22AF18E2F002D5B7F /* ConnectionView.swift */,
				2FD2935C2D62AA3D00A0AB06 /* DidListView.swift */,
				CE6B83B42AF2B2DC002D5B7F /* CredentialExchangeListView.swift */,
				CE6B83B82AF2B3FF002D5B7F /* CredentialExchangeView.swift */,
				CE09F7352AF3EACD006A7EF6 /* CredentialListView.swift */,
				CE09F7372AF3EADA006A7EF6 /* CredentialView.swift */,
				CE09F73D2AF3F543006A7EF6 /* ProofExchangeListView.swift */,
				CE09F73F2AF3FBB8006A7EF6 /* AnoncredProofExchangeView.swift */,
				CE09F7452AF59B80006A7EF6 /* SelectCredentialForAnoncredItem.swift */,
				2F0467DC2BFD7B930076B889 /* DifProofExchangeView.swift */,
				2F0467E02BFD82600076B889 /* SelectCredentialForDifItem.swift */,
				2F8F162C2BFDB8DD00BE1D22 /* ConnectionInvitationCreateView.swift */,
				2FCC4C552BFEF2DB00D9EBA3 /* ConnectionChatView.swift */,
			);
			path = Views;
			sourceTree = "<group>";
		};
		CEC416782ADEF395001A3CFD /* ViewModels */ = {
			isa = PBXGroup;
			children = (
				2F556A0C2D15276C00815799 /* Common */,
				CEC4167F2ADF2313001A3CFD /* RegisterViewModel.swift */,
				CE1246692AE2F9440042EC91 /* HomeViewModel.swift */,
				CE1246732AE716A10042EC91 /* ConnectionExchangeViewModel.swift */,
				CE6B83B02AF18DE6002D5B7F /* ConnectionViewModel.swift */,
				CE6B83B62AF2B374002D5B7F /* CredentialExchangeListViewModel.swift */,
				CE09F7332AF2E4FD006A7EF6 /* CredentialExchangeViewModel.swift */,
				2FD2935E2D62AA8800A0AB06 /* DidListViewModel.swift */,
				CE09F7392AF3EAF7006A7EF6 /* CredentialListViewModel.swift */,
				CE09F73B2AF3F527006A7EF6 /* ProofExchangeListViewModel.swift */,
				CE09F7432AF427C6006A7EF6 /* AnoncredProofExchangeViewModel.swift */,
				2F0467DE2BFD7BEA0076B889 /* DifProofExchangeViewModel.swift */,
				2F8F162E2BFDB97F00BE1D22 /* ConnectionInvitationCreateViewModel.swift */,
				2FCC4C572BFEF34000D9EBA3 /* ConnectionChatViewModel.swift */,
			);
			path = ViewModels;
			sourceTree = "<group>";
		};
		CEC416892AE1BFB3001A3CFD /* Resources */ = {
			isa = PBXGroup;
			children = (
				CEC4168A2AE1BFCB001A3CFD /* genesis_ledger.json */,
			);
			path = Resources;
			sourceTree = "<group>";
		};
/* End PBXGroup section */

/* Begin PBXNativeTarget section */
		CEC4165F2AD88A90001A3CFD /* SudoDIEdgeAgentExample */ = {
			isa = PBXNativeTarget;
			buildConfigurationList = CEC4166E2AD88A90001A3CFD /* Build configuration list for PBXNativeTarget "SudoDIEdgeAgentExample" */;
			buildPhases = (
				CEC4165C2AD88A90001A3CFD /* Sources */,
				CEC4165D2AD88A90001A3CFD /* Frameworks */,
				CEC4165E2AD88A90001A3CFD /* Resources */,
				CEC416882AE1B531001A3CFD /* Copy Test Keys and Config */,
			);
			buildRules = (
			);
			dependencies = (
			);
			name = SudoDIEdgeAgentExample;
			packageProductDependencies = (
				CE1246762AE860E00042EC91 /* CodeScanner */,
				2FA818672D5D81F2005C4F8B /* SudoProfiles */,
				2FA8186A2D5D8283005C4F8B /* SudoEntitlements */,
				2FD293612D630A8E00A0AB06 /* SudoDIEdgeAgent */,
				2F0137472D6D55C000741584 /* SudoDIRelay */,
			);
			productName = SudoDIEdgeAgentExample;
			productReference = CEC416602AD88A90001A3CFD /* SudoDIEdgeAgentExample.app */;
			productType = "com.apple.product-type.application";
		};
/* End PBXNativeTarget section */

/* Begin PBXProject section */
		CEC416582AD88A8F001A3CFD /* Project object */ = {
			isa = PBXProject;
			attributes = {
				BuildIndependentTargetsInParallel = 1;
				LastSwiftUpdateCheck = 1430;
				LastUpgradeCheck = 1430;
				TargetAttributes = {
					CEC4165F2AD88A90001A3CFD = {
						CreatedOnToolsVersion = 14.3.1;
					};
				};
			};
			buildConfigurationList = CEC4165B2AD88A8F001A3CFD /* Build configuration list for PBXProject "SudoDIEdgeAgentExample" */;
			compatibilityVersion = "Xcode 14.0";
			developmentRegion = en;
			hasScannedForEncodings = 0;
			knownRegions = (
				en,
				Base,
			);
			mainGroup = CEC416572AD88A8F001A3CFD;
			packageReferences = (
				CE1246752AE860E00042EC91 /* XCRemoteSwiftPackageReference "CodeScanner" */,
				2FA818662D5D81F2005C4F8B /* XCRemoteSwiftPackageReference "sudo-profiles-ios" */,
				2FA818692D5D8283005C4F8B /* XCRemoteSwiftPackageReference "sudo-entitlements-ios" */,
				2FD293602D630A8E00A0AB06 /* XCRemoteSwiftPackageReference "sudo-di-edge-agent-ios" */,
				2F0137462D6D55C000741584 /* XCRemoteSwiftPackageReference "sudo-di-relay-ios" */,
			);
			productRefGroup = CEC416612AD88A90001A3CFD /* Products */;
			projectDirPath = "";
			projectRoot = "";
			targets = (
				CEC4165F2AD88A90001A3CFD /* SudoDIEdgeAgentExample */,
			);
		};
/* End PBXProject section */

/* Begin PBXResourcesBuildPhase section */
		CEC4165E2AD88A90001A3CFD /* Resources */ = {
			isa = PBXResourcesBuildPhase;
			buildActionMask = 2147483647;
			files = (
				CEC4166B2AD88A90001A3CFD /* Preview Assets.xcassets in Resources */,
				CEC416682AD88A90001A3CFD /* Assets.xcassets in Resources */,
				CEC4168B2AE1BFCB001A3CFD /* genesis_ledger.json in Resources */,
			);
			runOnlyForDeploymentPostprocessing = 0;
		};
/* End PBXResourcesBuildPhase section */

/* Begin PBXShellScriptBuildPhase section */
		CEC416882AE1B531001A3CFD /* Copy Test Keys and Config */ = {
			isa = PBXShellScriptBuildPhase;
			buildActionMask = 12;
			files = (
			);
			inputFileListPaths = (
			);
			inputPaths = (
			);
			name = "Copy Test Keys and Config";
			outputFileListPaths = (
			);
			outputPaths = (
			);
			runOnlyForDeploymentPostprocessing = 0;
			shellPath = /bin/sh;
			shellScript = "returncode=0\n\necho \"Copy test key to bundle\"\nSOURCE=${PROJECT_DIR}/config/register_key.private \ncp -f ${SOURCE} \"${TARGET_BUILD_DIR}/${UNLOCALIZED_RESOURCES_FOLDER_PATH}/\"\nif [ $? -ne 0 ]\nthen\n    echo \"Warning: Failed to copy test registration key. Make sure the file config/register_key.private exists in the project directory (see README.md). TEST key registration will not work\"\n    returncode=0\nfi\n\necho \"Copy test key ID to bundle\"\nSOURCE=${PROJECT_DIR}/config/register_key.id \ncp -f ${SOURCE} \"${TARGET_BUILD_DIR}/${UNLOCALIZED_RESOURCES_FOLDER_PATH}/\"\nif [ $? -ne 0 ]\nthen\n    echo \"Warning: Failed to copy test registration key ID. Make sure the file config/register_key.id exists in the project directory (see README.md). TEST key registration will not work\"\n    returncode=0\nfi\n\necho \"Copy Sudo Platform config to bundle\"\nSOURCE=${PROJECT_DIR}/config/sudoplatformconfig.json\ncp -f ${SOURCE} \"${TARGET_BUILD_DIR}/${UNLOCALIZED_RESOURCES_FOLDER_PATH}/\"\nif [ $? -ne 0 ]\nthen\n    echo \"error: Failed to copy sudoplatformconfig.json. Make sure the file config/sudoplatformconfig.json exists in the project directory (see README.md).\"\n    returncode=1\nfi\n\nexit ${returncode}\n\n";
		};
/* End PBXShellScriptBuildPhase section */

/* Begin PBXSourcesBuildPhase section */
		CEC4165C2AD88A90001A3CFD /* Sources */ = {
			isa = PBXSourcesBuildPhase;
			buildActionMask = 2147483647;
			files = (
				CEC416872AE07695001A3CFD /* HelperUtils.swift in Sources */,
				2F8F162D2BFDB8DD00BE1D22 /* ConnectionInvitationCreateView.swift in Sources */,
				CE1246742AE716A10042EC91 /* ConnectionExchangeViewModel.swift in Sources */,
				CE09F7462AF59B80006A7EF6 /* SelectCredentialForAnoncredItem.swift in Sources */,
				2F556A0E2D15277D00815799 /* UICredential.swift in Sources */,
				CE6B83B72AF2B374002D5B7F /* CredentialExchangeListViewModel.swift in Sources */,
				CEC4167C2ADF0171001A3CFD /* RegisterView.swift in Sources */,
				CE6B83B12AF18DE6002D5B7F /* ConnectionViewModel.swift in Sources */,
				2F556A102D15303000815799 /* UICredentialExchange.swift in Sources */,
				CE09F7342AF2E4FD006A7EF6 /* CredentialExchangeViewModel.swift in Sources */,
				CE09F7442AF427C6006A7EF6 /* AnoncredProofExchangeViewModel.swift in Sources */,
				2F54B6DB2BFC5F480096E1A4 /* AnoncredCredentialInfoColumn.swift in Sources */,
				2FD2935D2D62AA3D00A0AB06 /* DidListView.swift in Sources */,
				2F54B6D82BFC36D70096E1A4 /* SudoDIRelayMessageSource.swift in Sources */,
				CE6B835F2AE9A12E002D5B7F /* RelayManager.swift in Sources */,
				CE09F7402AF3FBB8006A7EF6 /* AnoncredProofExchangeView.swift in Sources */,
				2FCC4C562BFEF2DB00D9EBA3 /* ConnectionChatView.swift in Sources */,
				CE09F73C2AF3F527006A7EF6 /* ProofExchangeListViewModel.swift in Sources */,
				CE1246722AE7149D0042EC91 /* ConnectionExchangeView.swift in Sources */,
				CEC416802ADF2313001A3CFD /* RegisterViewModel.swift in Sources */,
				CE09F73A2AF3EAF7006A7EF6 /* CredentialListViewModel.swift in Sources */,
				CE6B835D2AE9735E002D5B7F /* SudoManager.swift in Sources */,
				2F7AFD562CDDE3ED00BBD364 /* SdJwtCredentialInfoColumn.swift in Sources */,
				CE12466A2AE2F9440042EC91 /* HomeViewModel.swift in Sources */,
				2F8F162F2BFDB97F00BE1D22 /* ConnectionInvitationCreateViewModel.swift in Sources */,
				CEC4167E2ADF21E1001A3CFD /* HomeView.swift in Sources */,
				CE6B83B92AF2B3FF002D5B7F /* CredentialExchangeView.swift in Sources */,
				CE09F7382AF3EADA006A7EF6 /* CredentialView.swift in Sources */,
				2FCC4C582BFEF34000D9EBA3 /* ConnectionChatViewModel.swift in Sources */,
				CE6B83B32AF18E2F002D5B7F /* ConnectionView.swift in Sources */,
				CEC416642AD88A90001A3CFD /* SudoDIEdgeAgentExampleApp.swift in Sources */,
				CE09F7362AF3EACD006A7EF6 /* CredentialListView.swift in Sources */,
				2F54B6DD2BFC60910096E1A4 /* W3cCredentialInfoColumn.swift in Sources */,
				CEC4167A2ADEF418001A3CFD /* Clients.swift in Sources */,
				CE6B83B52AF2B2DC002D5B7F /* CredentialExchangeListView.swift in Sources */,
				CE09F73E2AF3F543006A7EF6 /* ProofExchangeListView.swift in Sources */,
				2F0467DF2BFD7BEA0076B889 /* DifProofExchangeViewModel.swift in Sources */,
				2F0467DD2BFD7B930076B889 /* DifProofExchangeView.swift in Sources */,
				2F0467E12BFD82600076B889 /* SelectCredentialForDifItem.swift in Sources */,
				CEC416822ADF27AA001A3CFD /* Authenticator.swift in Sources */,
				2FD2935F2D62AA8800A0AB06 /* DidListViewModel.swift in Sources */,
			);
			runOnlyForDeploymentPostprocessing = 0;
		};
/* End PBXSourcesBuildPhase section */

/* Begin XCBuildConfiguration section */
		CEC4166C2AD88A90001A3CFD /* Debug */ = {
			isa = XCBuildConfiguration;
			buildSettings = {
				ALWAYS_SEARCH_USER_PATHS = NO;
				CLANG_ANALYZER_NONNULL = YES;
				CLANG_ANALYZER_NUMBER_OBJECT_CONVERSION = YES_AGGRESSIVE;
				CLANG_CXX_LANGUAGE_STANDARD = "gnu++20";
				CLANG_ENABLE_MODULES = YES;
				CLANG_ENABLE_OBJC_ARC = YES;
				CLANG_ENABLE_OBJC_WEAK = YES;
				CLANG_WARN_BLOCK_CAPTURE_AUTORELEASING = YES;
				CLANG_WARN_BOOL_CONVERSION = YES;
				CLANG_WARN_COMMA = YES;
				CLANG_WARN_CONSTANT_CONVERSION = YES;
				CLANG_WARN_DEPRECATED_OBJC_IMPLEMENTATIONS = YES;
				CLANG_WARN_DIRECT_OBJC_ISA_USAGE = YES_ERROR;
				CLANG_WARN_DOCUMENTATION_COMMENTS = YES;
				CLANG_WARN_EMPTY_BODY = YES;
				CLANG_WARN_ENUM_CONVERSION = YES;
				CLANG_WARN_INFINITE_RECURSION = YES;
				CLANG_WARN_INT_CONVERSION = YES;
				CLANG_WARN_NON_LITERAL_NULL_CONVERSION = YES;
				CLANG_WARN_OBJC_IMPLICIT_RETAIN_SELF = YES;
				CLANG_WARN_OBJC_LITERAL_CONVERSION = YES;
				CLANG_WARN_OBJC_ROOT_CLASS = YES_ERROR;
				CLANG_WARN_QUOTED_INCLUDE_IN_FRAMEWORK_HEADER = YES;
				CLANG_WARN_RANGE_LOOP_ANALYSIS = YES;
				CLANG_WARN_STRICT_PROTOTYPES = YES;
				CLANG_WARN_SUSPICIOUS_MOVE = YES;
				CLANG_WARN_UNGUARDED_AVAILABILITY = YES_AGGRESSIVE;
				CLANG_WARN_UNREACHABLE_CODE = YES;
				CLANG_WARN__DUPLICATE_METHOD_MATCH = YES;
				COPY_PHASE_STRIP = NO;
				DEBUG_INFORMATION_FORMAT = dwarf;
				ENABLE_STRICT_OBJC_MSGSEND = YES;
				ENABLE_TESTABILITY = YES;
				GCC_C_LANGUAGE_STANDARD = gnu11;
				GCC_DYNAMIC_NO_PIC = NO;
				GCC_NO_COMMON_BLOCKS = YES;
				GCC_OPTIMIZATION_LEVEL = 0;
				GCC_PREPROCESSOR_DEFINITIONS = (
					"DEBUG=1",
					"$(inherited)",
				);
				GCC_WARN_64_TO_32_BIT_CONVERSION = YES;
				GCC_WARN_ABOUT_RETURN_TYPE = YES_ERROR;
				GCC_WARN_UNDECLARED_SELECTOR = YES;
				GCC_WARN_UNINITIALIZED_AUTOS = YES_AGGRESSIVE;
				GCC_WARN_UNUSED_FUNCTION = YES;
				GCC_WARN_UNUSED_VARIABLE = YES;
				IPHONEOS_DEPLOYMENT_TARGET = 16.4;
				MTL_ENABLE_DEBUG_INFO = INCLUDE_SOURCE;
				MTL_FAST_MATH = YES;
				ONLY_ACTIVE_ARCH = YES;
				SDKROOT = iphoneos;
				SWIFT_ACTIVE_COMPILATION_CONDITIONS = DEBUG;
				SWIFT_OPTIMIZATION_LEVEL = "-Onone";
			};
			name = Debug;
		};
		CEC4166D2AD88A90001A3CFD /* Release */ = {
			isa = XCBuildConfiguration;
			buildSettings = {
				ALWAYS_SEARCH_USER_PATHS = NO;
				CLANG_ANALYZER_NONNULL = YES;
				CLANG_ANALYZER_NUMBER_OBJECT_CONVERSION = YES_AGGRESSIVE;
				CLANG_CXX_LANGUAGE_STANDARD = "gnu++20";
				CLANG_ENABLE_MODULES = YES;
				CLANG_ENABLE_OBJC_ARC = YES;
				CLANG_ENABLE_OBJC_WEAK = YES;
				CLANG_WARN_BLOCK_CAPTURE_AUTORELEASING = YES;
				CLANG_WARN_BOOL_CONVERSION = YES;
				CLANG_WARN_COMMA = YES;
				CLANG_WARN_CONSTANT_CONVERSION = YES;
				CLANG_WARN_DEPRECATED_OBJC_IMPLEMENTATIONS = YES;
				CLANG_WARN_DIRECT_OBJC_ISA_USAGE = YES_ERROR;
				CLANG_WARN_DOCUMENTATION_COMMENTS = YES;
				CLANG_WARN_EMPTY_BODY = YES;
				CLANG_WARN_ENUM_CONVERSION = YES;
				CLANG_WARN_INFINITE_RECURSION = YES;
				CLANG_WARN_INT_CONVERSION = YES;
				CLANG_WARN_NON_LITERAL_NULL_CONVERSION = YES;
				CLANG_WARN_OBJC_IMPLICIT_RETAIN_SELF = YES;
				CLANG_WARN_OBJC_LITERAL_CONVERSION = YES;
				CLANG_WARN_OBJC_ROOT_CLASS = YES_ERROR;
				CLANG_WARN_QUOTED_INCLUDE_IN_FRAMEWORK_HEADER = YES;
				CLANG_WARN_RANGE_LOOP_ANALYSIS = YES;
				CLANG_WARN_STRICT_PROTOTYPES = YES;
				CLANG_WARN_SUSPICIOUS_MOVE = YES;
				CLANG_WARN_UNGUARDED_AVAILABILITY = YES_AGGRESSIVE;
				CLANG_WARN_UNREACHABLE_CODE = YES;
				CLANG_WARN__DUPLICATE_METHOD_MATCH = YES;
				COPY_PHASE_STRIP = NO;
				DEBUG_INFORMATION_FORMAT = "dwarf-with-dsym";
				ENABLE_NS_ASSERTIONS = NO;
				ENABLE_STRICT_OBJC_MSGSEND = YES;
				GCC_C_LANGUAGE_STANDARD = gnu11;
				GCC_NO_COMMON_BLOCKS = YES;
				GCC_WARN_64_TO_32_BIT_CONVERSION = YES;
				GCC_WARN_ABOUT_RETURN_TYPE = YES_ERROR;
				GCC_WARN_UNDECLARED_SELECTOR = YES;
				GCC_WARN_UNINITIALIZED_AUTOS = YES_AGGRESSIVE;
				GCC_WARN_UNUSED_FUNCTION = YES;
				GCC_WARN_UNUSED_VARIABLE = YES;
				IPHONEOS_DEPLOYMENT_TARGET = 16.4;
				MTL_ENABLE_DEBUG_INFO = NO;
				MTL_FAST_MATH = YES;
				SDKROOT = iphoneos;
				SWIFT_COMPILATION_MODE = wholemodule;
				SWIFT_OPTIMIZATION_LEVEL = "-O";
				VALIDATE_PRODUCT = YES;
			};
			name = Release;
		};
		CEC4166F2AD88A90001A3CFD /* Debug */ = {
			isa = XCBuildConfiguration;
			buildSettings = {
				ASSETCATALOG_COMPILER_APPICON_NAME = AppIcon;
				ASSETCATALOG_COMPILER_GLOBAL_ACCENT_COLOR_NAME = AccentColor;
				CODE_SIGN_IDENTITY = "Apple Development";
				CODE_SIGN_STYLE = Automatic;
				CURRENT_PROJECT_VERSION = 1;
				DEVELOPMENT_ASSET_PATHS = "\"SudoDIEdgeAgentExample/Preview Content\"";
				DEVELOPMENT_TEAM = UU2W43R8JA;
				ENABLE_PREVIEWS = YES;
				GENERATE_INFOPLIST_FILE = YES;
				INFOPLIST_FILE = SudoDIEdgeAgentExample/Info.plist;
				INFOPLIST_KEY_NSCameraUsageDescription = "Used for scanning QR codes.";
				INFOPLIST_KEY_UIApplicationSceneManifest_Generation = YES;
				INFOPLIST_KEY_UIApplicationSupportsIndirectInputEvents = YES;
				INFOPLIST_KEY_UILaunchScreen_Generation = YES;
				INFOPLIST_KEY_UISupportedInterfaceOrientations_iPad = "UIInterfaceOrientationPortrait UIInterfaceOrientationPortraitUpsideDown UIInterfaceOrientationLandscapeLeft UIInterfaceOrientationLandscapeRight";
				INFOPLIST_KEY_UISupportedInterfaceOrientations_iPhone = "UIInterfaceOrientationPortrait UIInterfaceOrientationLandscapeLeft UIInterfaceOrientationLandscapeRight";
				IPHONEOS_DEPLOYMENT_TARGET = 16.0;
				LD_RUNPATH_SEARCH_PATHS = (
					"$(inherited)",
					"@executable_path/Frameworks",
				);
				MARKETING_VERSION = 1.0;
				PRODUCT_BUNDLE_IDENTIFIER = com.sudoplatform.example.SudoDIEdgeAgent;
				PRODUCT_NAME = "$(TARGET_NAME)";
				PROVISIONING_PROFILE_SPECIFIER = "";
				SWIFT_EMIT_LOC_STRINGS = YES;
				SWIFT_VERSION = 5.0;
				TARGETED_DEVICE_FAMILY = "1,2";
			};
			name = Debug;
		};
		CEC416702AD88A90001A3CFD /* Release */ = {
			isa = XCBuildConfiguration;
			buildSettings = {
				ASSETCATALOG_COMPILER_APPICON_NAME = AppIcon;
				ASSETCATALOG_COMPILER_GLOBAL_ACCENT_COLOR_NAME = AccentColor;
				CODE_SIGN_IDENTITY = "Apple Development";
				CODE_SIGN_STYLE = Automatic;
				CURRENT_PROJECT_VERSION = 1;
				DEVELOPMENT_ASSET_PATHS = "\"SudoDIEdgeAgentExample/Preview Content\"";
				DEVELOPMENT_TEAM = UU2W43R8JA;
				ENABLE_PREVIEWS = YES;
				GENERATE_INFOPLIST_FILE = YES;
				INFOPLIST_FILE = SudoDIEdgeAgentExample/Info.plist;
				INFOPLIST_KEY_NSCameraUsageDescription = "Used for scanning QR codes.";
				INFOPLIST_KEY_UIApplicationSceneManifest_Generation = YES;
				INFOPLIST_KEY_UIApplicationSupportsIndirectInputEvents = YES;
				INFOPLIST_KEY_UILaunchScreen_Generation = YES;
				INFOPLIST_KEY_UISupportedInterfaceOrientations_iPad = "UIInterfaceOrientationPortrait UIInterfaceOrientationPortraitUpsideDown UIInterfaceOrientationLandscapeLeft UIInterfaceOrientationLandscapeRight";
				INFOPLIST_KEY_UISupportedInterfaceOrientations_iPhone = "UIInterfaceOrientationPortrait UIInterfaceOrientationLandscapeLeft UIInterfaceOrientationLandscapeRight";
				IPHONEOS_DEPLOYMENT_TARGET = 16.0;
				LD_RUNPATH_SEARCH_PATHS = (
					"$(inherited)",
					"@executable_path/Frameworks",
				);
				MARKETING_VERSION = 1.0;
				PRODUCT_BUNDLE_IDENTIFIER = com.sudoplatform.example.SudoDIEdgeAgent;
				PRODUCT_NAME = "$(TARGET_NAME)";
				PROVISIONING_PROFILE_SPECIFIER = "";
				SWIFT_EMIT_LOC_STRINGS = YES;
				SWIFT_VERSION = 5.0;
				TARGETED_DEVICE_FAMILY = "1,2";
			};
			name = Release;
		};
/* End XCBuildConfiguration section */

/* Begin XCConfigurationList section */
		CEC4165B2AD88A8F001A3CFD /* Build configuration list for PBXProject "SudoDIEdgeAgentExample" */ = {
			isa = XCConfigurationList;
			buildConfigurations = (
				CEC4166C2AD88A90001A3CFD /* Debug */,
				CEC4166D2AD88A90001A3CFD /* Release */,
			);
			defaultConfigurationIsVisible = 0;
			defaultConfigurationName = Release;
		};
		CEC4166E2AD88A90001A3CFD /* Build configuration list for PBXNativeTarget "SudoDIEdgeAgentExample" */ = {
			isa = XCConfigurationList;
			buildConfigurations = (
				CEC4166F2AD88A90001A3CFD /* Debug */,
				CEC416702AD88A90001A3CFD /* Release */,
			);
			defaultConfigurationIsVisible = 0;
			defaultConfigurationName = Release;
		};
/* End XCConfigurationList section */

/* Begin XCRemoteSwiftPackageReference section */
		2F0137462D6D55C000741584 /* XCRemoteSwiftPackageReference "sudo-di-relay-ios" */ = {
			isa = XCRemoteSwiftPackageReference;
			repositoryURL = "https://github.com/sudoplatform/sudo-di-relay-ios.git";
			requirement = {
				kind = upToNextMajorVersion;
				minimumVersion = 4.0.0;
			};
		};
		2FA818662D5D81F2005C4F8B /* XCRemoteSwiftPackageReference "sudo-profiles-ios" */ = {
			isa = XCRemoteSwiftPackageReference;
			repositoryURL = "https://github.com/sudoplatform/sudo-profiles-ios.git";
			requirement = {
				kind = upToNextMajorVersion;
				minimumVersion = 19.0.0;
			};
		};
		2FA818692D5D8283005C4F8B /* XCRemoteSwiftPackageReference "sudo-entitlements-ios" */ = {
			isa = XCRemoteSwiftPackageReference;
			repositoryURL = "https://github.com/sudoplatform/sudo-entitlements-ios.git";
			requirement = {
				kind = upToNextMajorVersion;
				minimumVersion = 12.0.0;
			};
		};
		2FD293602D630A8E00A0AB06 /* XCRemoteSwiftPackageReference "sudo-di-edge-agent-ios" */ = {
			isa = XCRemoteSwiftPackageReference;
			repositoryURL = "git@gitlab.tools.anonyome.com:platform/decentralized-identity/edge-agent/sudo-di-edge-agent-ios.git";
			requirement = {
				kind = upToNextMajorVersion;
				minimumVersion = 6.0.0;
			};
		};
		CE1246752AE860E00042EC91 /* XCRemoteSwiftPackageReference "CodeScanner" */ = {
			isa = XCRemoteSwiftPackageReference;
			repositoryURL = "https://github.com/twostraws/CodeScanner";
			requirement = {
				kind = upToNextMajorVersion;
				minimumVersion = 2.0.0;
			};
		};
/* End XCRemoteSwiftPackageReference section */

/* Begin XCSwiftPackageProductDependency section */
		2F0137472D6D55C000741584 /* SudoDIRelay */ = {
			isa = XCSwiftPackageProductDependency;
			package = 2F0137462D6D55C000741584 /* XCRemoteSwiftPackageReference "sudo-di-relay-ios" */;
			productName = SudoDIRelay;
		};
		2FA818672D5D81F2005C4F8B /* SudoProfiles */ = {
			isa = XCSwiftPackageProductDependency;
			package = 2FA818662D5D81F2005C4F8B /* XCRemoteSwiftPackageReference "sudo-profiles-ios" */;
			productName = SudoProfiles;
		};
		2FA8186A2D5D8283005C4F8B /* SudoEntitlements */ = {
			isa = XCSwiftPackageProductDependency;
			package = 2FA818692D5D8283005C4F8B /* XCRemoteSwiftPackageReference "sudo-entitlements-ios" */;
			productName = SudoEntitlements;
		};
		2FD293612D630A8E00A0AB06 /* SudoDIEdgeAgent */ = {
			isa = XCSwiftPackageProductDependency;
			package = 2FD293602D630A8E00A0AB06 /* XCRemoteSwiftPackageReference "sudo-di-edge-agent-ios" */;
			productName = SudoDIEdgeAgent;
		};
		CE1246762AE860E00042EC91 /* CodeScanner */ = {
			isa = XCSwiftPackageProductDependency;
			package = CE1246752AE860E00042EC91 /* XCRemoteSwiftPackageReference "CodeScanner" */;
			productName = CodeScanner;
		};
/* End XCSwiftPackageProductDependency section */
	};
	rootObject = CEC416582AD88A8F001A3CFD /* Project object */;
}
